
Microsoft Visual Studio Solution File, Format Version 12.00
# Visual Studio Version 16
VisualStudioVersion = 16.0.32901.82
MinimumVisualStudioVersion = 10.0.40219.1
Project("{FAE04EC0-301F-11D3-BF4B-00C04F79EFBC}") = "VMF2MAP", "VMF2MAP\VMF2MAP.csproj", "{2320552D-2D29-4D8B-A047-4348DAB8AEA6}"
EndProject
Global
	GlobalSection(SolutionConfigurationPlatforms) = preSolution
		Debug|Any CPU = Debug|Any CPU
		Release|Any CPU = Release|Any CPU
	EndGlobalSection
	GlobalSection(ProjectConfigurationPlatforms) = postSolution
		{2320552D-2D29-4D8B-A047-4348DAB8AEA6}.Debug|Any CPU.ActiveCfg = Debug|Any CPU
		{2320552D-2D29-4D8B-A047-4348DAB8AEA6}.Debug|Any CPU.Build.0 = Debug|Any CPU
		{2320552D-2D29-4D8B-A047-4348DAB8AEA6}.Release|Any CPU.ActiveCfg = Release|Any CPU
		{2320552D-2D29-4D8B-A047-4348DAB8AEA6}.Release|Any CPU.Build.0 = Release|Any CPU
	EndGlobalSection
	GlobalSection(SolutionProperties) = preSolution
		HideSolutionNode = FALSE
	EndGlobalSection
	GlobalSection(ExtensibilityGlobals) = postSolution
		SolutionGuid = {907DC5C1-1149-473F-8B60-FAB3FBDBC4AC}
	EndGlobalSection
EndGlobal
